
Microsoft Visual Studio Solution File, Format Version 12.00
# Visual Studio Version 17
VisualStudioVersion = 17.5.002.0
MinimumVisualStudioVersion = 10.0.40219.1
Project("{9A19103F-16F7-4668-BE54-9A1E7A4F7556}") = "ListaTarefasAPI", "ListaTarefasAPI.csproj", "{722F0E65-25D1-48C1-8FAD-718C34523C23}"
EndProject
Global
	GlobalSection(SolutionConfigurationPlatforms) = preSolution
		Debug|Any CPU = Debug|Any CPU
		Release|Any CPU = Release|Any CPU
	EndGlobalSection
	GlobalSection(ProjectConfigurationPlatforms) = postSolution
		{722F0E65-25D1-48C1-8FAD-718C34523C23}.Debug|Any CPU.ActiveCfg = Debug|Any CPU
		{722F0E65-25D1-48C1-8FAD-718C34523C23}.Debug|Any CPU.Build.0 = Debug|Any CPU
		{722F0E65-25D1-48C1-8FAD-718C34523C23}.Release|Any CPU.ActiveCfg = Release|Any CPU
		{722F0E65-25D1-48C1-8FAD-718C34523C23}.Release|Any CPU.Build.0 = Release|Any CPU
	EndGlobalSection
	GlobalSection(SolutionProperties) = preSolution
		HideSolutionNode = FALSE
	EndGlobalSection
	GlobalSection(ExtensibilityGlobals) = postSolution
		SolutionGuid = {AD2C8DC7-21B1-4577-8481-5AA2F162BC56}
	EndGlobalSection
EndGlobal
